
Microsoft Visual Studio Solution File, Format Version 12.00
# Visual Studio Version 16
VisualStudioVersion = 16.0.29509.3
MinimumVisualStudioVersion = 10.0.40219.1
Project("{FAE04EC0-301F-11D3-BF4B-00C04F79EFBC}") = "Ejercicio09.Android", "Ejercicio09\Ejercicio09.Android\Ejercicio09.Android.csproj", "{04B286E5-26FC-4A69-B574-A559C0BBF019}"
EndProject
Project("{FAE04EC0-301F-11D3-BF4B-00C04F79EFBC}") = "Ejercicio09.iOS", "Ejercicio09\Ejercicio09.iOS\Ejercicio09.iOS.csproj", "{3D4AA83F-3A04-49FE-98CF-7A8AA93C3F78}"
EndProject
Project("{FAE04EC0-301F-11D3-BF4B-00C04F79EFBC}") = "Ejercicio09", "Ejercicio09\Ejercicio09\Ejercicio09.csproj", "{5AFC314F-466A-47D1-9777-78885658090A}"
EndProject
Global
	GlobalSection(SolutionConfigurationPlatforms) = preSolution
		Debug|Any CPU = Debug|Any CPU
		Debug|iPhone = Debug|iPhone
		Debug|iPhoneSimulator = Debug|iPhoneSimulator
		Release|Any CPU = Release|Any CPU
		Release|iPhone = Release|iPhone
		Release|iPhoneSimulator = Release|iPhoneSimulator
	EndGlobalSection
	GlobalSection(ProjectConfigurationPlatforms) = postSolution
		{04B286E5-26FC-4A69-B574-A559C0BBF019}.Debug|Any CPU.ActiveCfg = Debug|Any CPU
		{04B286E5-26FC-4A69-B574-A559C0BBF019}.Debug|Any CPU.Build.0 = Debug|Any CPU
		{04B286E5-26FC-4A69-B574-A559C0BBF019}.Debug|Any CPU.Deploy.0 = Debug|Any CPU
		{04B286E5-26FC-4A69-B574-A559C0BBF019}.Debug|iPhone.ActiveCfg = Debug|Any CPU
		{04B286E5-26FC-4A69-B574-A559C0BBF019}.Debug|iPhone.Build.0 = Debug|Any CPU
		{04B286E5-26FC-4A69-B574-A559C0BBF019}.Debug|iPhone.Deploy.0 = Debug|Any CPU
		{04B286E5-26FC-4A69-B574-A559C0BBF019}.Debug|iPhoneSimulator.ActiveCfg = Debug|Any CPU
		{04B286E5-26FC-4A69-B574-A559C0BBF019}.Debug|iPhoneSimulator.Build.0 = Debug|Any CPU
		{04B286E5-26FC-4A69-B574-A559C0BBF019}.Debug|iPhoneSimulator.Deploy.0 = Debug|Any CPU
		{04B286E5-26FC-4A69-B574-A559C0BBF019}.Release|Any CPU.ActiveCfg = Release|Any CPU
		{04B286E5-26FC-4A69-B574-A559C0BBF019}.Release|Any CPU.Build.0 = Release|Any CPU
		{04B286E5-26FC-4A69-B574-A559C0BBF019}.Release|Any CPU.Deploy.0 = Release|Any CPU
		{04B286E5-26FC-4A69-B574-A559C0BBF019}.Release|iPhone.ActiveCfg = Release|Any CPU
		{04B286E5-26FC-4A69-B574-A559C0BBF019}.Release|iPhone.Build.0 = Release|Any CPU
		{04B286E5-26FC-4A69-B574-A559C0BBF019}.Release|iPhone.Deploy.0 = Release|Any CPU
		{04B286E5-26FC-4A69-B574-A559C0BBF019}.Release|iPhoneSimulator.ActiveCfg = Release|Any CPU
		{04B286E5-26FC-4A69-B574-A559C0BBF019}.Release|iPhoneSimulator.Build.0 = Release|Any CPU
		{04B286E5-26FC-4A69-B574-A559C0BBF019}.Release|iPhoneSimulator.Deploy.0 = Release|Any CPU
		{3D4AA83F-3A04-49FE-98CF-7A8AA93C3F78}.Debug|Any CPU.ActiveCfg = Debug|iPhoneSimulator
		{3D4AA83F-3A04-49FE-98CF-7A8AA93C3F78}.Debug|Any CPU.Build.0 = Debug|iPhoneSimulator
		{3D4AA83F-3A04-49FE-98CF-7A8AA93C3F78}.Debug|Any CPU.Deploy.0 = Debug|iPhoneSimulator
		{3D4AA83F-3A04-49FE-98CF-7A8AA93C3F78}.Debug|iPhone.ActiveCfg = Debug|iPhone
		{3D4AA83F-3A04-49FE-98CF-7A8AA93C3F78}.Debug|iPhone.Build.0 = Debug|iPhone
		{3D4AA83F-3A04-49FE-98CF-7A8AA93C3F78}.Debug|iPhone.Deploy.0 = Debug|iPhone
		{3D4AA83F-3A04-49FE-98CF-7A8AA93C3F78}.Debug|iPhoneSimulator.ActiveCfg = Debug|iPhoneSimulator
		{3D4AA83F-3A04-49FE-98CF-7A8AA93C3F78}.Debug|iPhoneSimulator.Build.0 = Debug|iPhoneSimulator
		{3D4AA83F-3A04-49FE-98CF-7A8AA93C3F78}.Debug|iPhoneSimulator.Deploy.0 = Debug|iPhoneSimulator
		{3D4AA83F-3A04-49FE-98CF-7A8AA93C3F78}.Release|Any CPU.ActiveCfg = Release|iPhone
		{3D4AA83F-3A04-49FE-98CF-7A8AA93C3F78}.Release|Any CPU.Build.0 = Release|iPhone
		{3D4AA83F-3A04-49FE-98CF-7A8AA93C3F78}.Release|Any CPU.Deploy.0 = Release|iPhone
		{3D4AA83F-3A04-49FE-98CF-7A8AA93C3F78}.Release|iPhone.ActiveCfg = Release|iPhone
		{3D4AA83F-3A04-49FE-98CF-7A8AA93C3F78}.Release|iPhone.Build.0 = Release|iPhone
		{3D4AA83F-3A04-49FE-98CF-7A8AA93C3F78}.Release|iPhone.Deploy.0 = Release|iPhone
		{3D4AA83F-3A04-49FE-98CF-7A8AA93C3F78}.Release|iPhoneSimulator.ActiveCfg = Release|iPhoneSimulator
		{3D4AA83F-3A04-49FE-98CF-7A8AA93C3F78}.Release|iPhoneSimulator.Build.0 = Release|iPhoneSimulator
		{3D4AA83F-3A04-49FE-98CF-7A8AA93C3F78}.Release|iPhoneSimulator.Deploy.0 = Release|iPhoneSimulator
		{5AFC314F-466A-47D1-9777-78885658090A}.Debug|Any CPU.ActiveCfg = Debug|Any CPU
		{5AFC314F-466A-47D1-9777-78885658090A}.Debug|Any CPU.Build.0 = Debug|Any CPU
		{5AFC314F-466A-47D1-9777-78885658090A}.Debug|Any CPU.Deploy.0 = Debug|Any CPU
		{5AFC314F-466A-47D1-9777-78885658090A}.Debug|iPhone.ActiveCfg = Debug|Any CPU
		{5AFC314F-466A-47D1-9777-78885658090A}.Debug|iPhone.Build.0 = Debug|Any CPU
		{5AFC314F-466A-47D1-9777-78885658090A}.Debug|iPhone.Deploy.0 = Debug|Any CPU
		{5AFC314F-466A-47D1-9777-78885658090A}.Debug|iPhoneSimulator.ActiveCfg = Debug|Any CPU
		{5AFC314F-466A-47D1-9777-78885658090A}.Debug|iPhoneSimulator.Build.0 = Debug|Any CPU
		{5AFC314F-466A-47D1-9777-78885658090A}.Debug|iPhoneSimulator.Deploy.0 = Debug|Any CPU
		{5AFC314F-466A-47D1-9777-78885658090A}.Release|Any CPU.ActiveCfg = Release|Any CPU
		{5AFC314F-466A-47D1-9777-78885658090A}.Release|Any CPU.Build.0 = Release|Any CPU
		{5AFC314F-466A-47D1-9777-78885658090A}.Release|Any CPU.Deploy.0 = Release|Any CPU
		{5AFC314F-466A-47D1-9777-78885658090A}.Release|iPhone.ActiveCfg = Release|Any CPU
		{5AFC314F-466A-47D1-9777-78885658090A}.Release|iPhone.Build.0 = Release|Any CPU
		{5AFC314F-466A-47D1-9777-78885658090A}.Release|iPhone.Deploy.0 = Release|Any CPU
		{5AFC314F-466A-47D1-9777-78885658090A}.Release|iPhoneSimulator.ActiveCfg = Release|Any CPU
		{5AFC314F-466A-47D1-9777-78885658090A}.Release|iPhoneSimulator.Build.0 = Release|Any CPU
		{5AFC314F-466A-47D1-9777-78885658090A}.Release|iPhoneSimulator.Deploy.0 = Release|Any CPU
	EndGlobalSection
	GlobalSection(SolutionProperties) = preSolution
		HideSolutionNode = FALSE
	EndGlobalSection
	GlobalSection(ExtensibilityGlobals) = postSolution
		SolutionGuid = {1074B580-3714-41D2-843E-926033763C5F}
	EndGlobalSection
EndGlobal
